
Microsoft Visual Studio Solution File, Format Version 12.00
# Visual Studio 15
VisualStudioVersion = 15.0.26124.0
MinimumVisualStudioVersion = 15.0.26124.0
Project("{FAE04EC0-301F-11D3-BF4B-00C04F79EFBC}") = "todo.mvc", "todo.mvc\todo.mvc.csproj", "{F9D61EB1-6806-4093-8D85-CEA7A2BCE0B0}"
EndProject
Project("{FAE04EC0-301F-11D3-BF4B-00C04F79EFBC}") = "DatabaseTest", "DatabaseTest\DatabaseTest.csproj", "{854E192B-CF71-4BC4-A94E-76B200D8FE07}"
EndProject
Project("{FAE04EC0-301F-11D3-BF4B-00C04F79EFBC}") = "todo.infrastructure", "todo.infrastructure\todo.infrastructure.csproj", "{899AA8F4-C59A-4FE7-80F1-1265E623F903}"
EndProject
Project("{FAE04EC0-301F-11D3-BF4B-00C04F79EFBC}") = "todo.domain", "todo.domain\todo.domain.csproj", "{7F3EBCB3-8A87-4D44-8F4E-D6B53C285EEE}"
EndProject
Global
	GlobalSection(SolutionConfigurationPlatforms) = preSolution
		Debug|Any CPU = Debug|Any CPU
		Debug|x64 = Debug|x64
		Debug|x86 = Debug|x86
		Release|Any CPU = Release|Any CPU
		Release|x64 = Release|x64
		Release|x86 = Release|x86
	EndGlobalSection
	GlobalSection(SolutionProperties) = preSolution
		HideSolutionNode = FALSE
	EndGlobalSection
	GlobalSection(ProjectConfigurationPlatforms) = postSolution
		{F9D61EB1-6806-4093-8D85-CEA7A2BCE0B0}.Debug|Any CPU.ActiveCfg = Debug|Any CPU
		{F9D61EB1-6806-4093-8D85-CEA7A2BCE0B0}.Debug|Any CPU.Build.0 = Debug|Any CPU
		{F9D61EB1-6806-4093-8D85-CEA7A2BCE0B0}.Debug|x64.ActiveCfg = Debug|Any CPU
		{F9D61EB1-6806-4093-8D85-CEA7A2BCE0B0}.Debug|x64.Build.0 = Debug|Any CPU
		{F9D61EB1-6806-4093-8D85-CEA7A2BCE0B0}.Debug|x86.ActiveCfg = Debug|Any CPU
		{F9D61EB1-6806-4093-8D85-CEA7A2BCE0B0}.Debug|x86.Build.0 = Debug|Any CPU
		{F9D61EB1-6806-4093-8D85-CEA7A2BCE0B0}.Release|Any CPU.ActiveCfg = Release|Any CPU
		{F9D61EB1-6806-4093-8D85-CEA7A2BCE0B0}.Release|Any CPU.Build.0 = Release|Any CPU
		{F9D61EB1-6806-4093-8D85-CEA7A2BCE0B0}.Release|x64.ActiveCfg = Release|Any CPU
		{F9D61EB1-6806-4093-8D85-CEA7A2BCE0B0}.Release|x64.Build.0 = Release|Any CPU
		{F9D61EB1-6806-4093-8D85-CEA7A2BCE0B0}.Release|x86.ActiveCfg = Release|Any CPU
		{F9D61EB1-6806-4093-8D85-CEA7A2BCE0B0}.Release|x86.Build.0 = Release|Any CPU
		{854E192B-CF71-4BC4-A94E-76B200D8FE07}.Debug|Any CPU.ActiveCfg = Debug|Any CPU
		{854E192B-CF71-4BC4-A94E-76B200D8FE07}.Debug|Any CPU.Build.0 = Debug|Any CPU
		{854E192B-CF71-4BC4-A94E-76B200D8FE07}.Debug|x64.ActiveCfg = Debug|Any CPU
		{854E192B-CF71-4BC4-A94E-76B200D8FE07}.Debug|x64.Build.0 = Debug|Any CPU
		{854E192B-CF71-4BC4-A94E-76B200D8FE07}.Debug|x86.ActiveCfg = Debug|Any CPU
		{854E192B-CF71-4BC4-A94E-76B200D8FE07}.Debug|x86.Build.0 = Debug|Any CPU
		{854E192B-CF71-4BC4-A94E-76B200D8FE07}.Release|Any CPU.ActiveCfg = Release|Any CPU
		{854E192B-CF71-4BC4-A94E-76B200D8FE07}.Release|Any CPU.Build.0 = Release|Any CPU
		{854E192B-CF71-4BC4-A94E-76B200D8FE07}.Release|x64.ActiveCfg = Release|Any CPU
		{854E192B-CF71-4BC4-A94E-76B200D8FE07}.Release|x64.Build.0 = Release|Any CPU
		{854E192B-CF71-4BC4-A94E-76B200D8FE07}.Release|x86.ActiveCfg = Release|Any CPU
		{854E192B-CF71-4BC4-A94E-76B200D8FE07}.Release|x86.Build.0 = Release|Any CPU
		{899AA8F4-C59A-4FE7-80F1-1265E623F903}.Debug|Any CPU.ActiveCfg = Debug|Any CPU
		{899AA8F4-C59A-4FE7-80F1-1265E623F903}.Debug|Any CPU.Build.0 = Debug|Any CPU
		{899AA8F4-C59A-4FE7-80F1-1265E623F903}.Debug|x64.ActiveCfg = Debug|Any CPU
		{899AA8F4-C59A-4FE7-80F1-1265E623F903}.Debug|x64.Build.0 = Debug|Any CPU
		{899AA8F4-C59A-4FE7-80F1-1265E623F903}.Debug|x86.ActiveCfg = Debug|Any CPU
		{899AA8F4-C59A-4FE7-80F1-1265E623F903}.Debug|x86.Build.0 = Debug|Any CPU
		{899AA8F4-C59A-4FE7-80F1-1265E623F903}.Release|Any CPU.ActiveCfg = Release|Any CPU
		{899AA8F4-C59A-4FE7-80F1-1265E623F903}.Release|Any CPU.Build.0 = Release|Any CPU
		{899AA8F4-C59A-4FE7-80F1-1265E623F903}.Release|x64.ActiveCfg = Release|Any CPU
		{899AA8F4-C59A-4FE7-80F1-1265E623F903}.Release|x64.Build.0 = Release|Any CPU
		{899AA8F4-C59A-4FE7-80F1-1265E623F903}.Release|x86.ActiveCfg = Release|Any CPU
		{899AA8F4-C59A-4FE7-80F1-1265E623F903}.Release|x86.Build.0 = Release|Any CPU
		{7F3EBCB3-8A87-4D44-8F4E-D6B53C285EEE}.Debug|Any CPU.ActiveCfg = Debug|Any CPU
		{7F3EBCB3-8A87-4D44-8F4E-D6B53C285EEE}.Debug|Any CPU.Build.0 = Debug|Any CPU
		{7F3EBCB3-8A87-4D44-8F4E-D6B53C285EEE}.Debug|x64.ActiveCfg = Debug|Any CPU
		{7F3EBCB3-8A87-4D44-8F4E-D6B53C285EEE}.Debug|x64.Build.0 = Debug|Any CPU
		{7F3EBCB3-8A87-4D44-8F4E-D6B53C285EEE}.Debug|x86.ActiveCfg = Debug|Any CPU
		{7F3EBCB3-8A87-4D44-8F4E-D6B53C285EEE}.Debug|x86.Build.0 = Debug|Any CPU
		{7F3EBCB3-8A87-4D44-8F4E-D6B53C285EEE}.Release|Any CPU.ActiveCfg = Release|Any CPU
		{7F3EBCB3-8A87-4D44-8F4E-D6B53C285EEE}.Release|Any CPU.Build.0 = Release|Any CPU
		{7F3EBCB3-8A87-4D44-8F4E-D6B53C285EEE}.Release|x64.ActiveCfg = Release|Any CPU
		{7F3EBCB3-8A87-4D44-8F4E-D6B53C285EEE}.Release|x64.Build.0 = Release|Any CPU
		{7F3EBCB3-8A87-4D44-8F4E-D6B53C285EEE}.Release|x86.ActiveCfg = Release|Any CPU
		{7F3EBCB3-8A87-4D44-8F4E-D6B53C285EEE}.Release|x86.Build.0 = Release|Any CPU
	EndGlobalSection
EndGlobal
